
Microsoft Visual Studio Solution File, Format Version 12.00
# Visual Studio Version 17
VisualStudioVersion = 17.14.36301.6
MinimumVisualStudioVersion = 10.0.40219.1
Project("{FAE04EC0-301F-11D3-BF4B-00C04F79EFBC}") = "FileBrowser.Api", "FileBrowser.Api\FileBrowser.Api.csproj", "{A87A400B-0CD3-4A71-8F73-0DB0FD9DFAEA}"
EndProject
Project("{FAE04EC0-301F-11D3-BF4B-00C04F79EFBC}") = "FileBrowser.Data", "FileBrowser.Data\FileBrowser.Data.csproj", "{06439AA1-A3CD-450D-8AF8-FD00EFB09564}"
EndProject
Project("{FAE04EC0-301F-11D3-BF4B-00C04F79EFBC}") = "FileBrowser.Business", "FileBrowser.Business\FileBrowser.Business.csproj", "{35C07277-0B8A-4B0F-97B4-47DBBADA1A95}"
EndProject
Project("{FAE04EC0-301F-11D3-BF4B-00C04F79EFBC}") = "FileBrowser.Business.Tests", "FileBrowser.Business.Tests\FileBrowser.Business.Tests.csproj", "{37AB50F2-C21C-4320-AF5D-464291AF8A99}"
EndProject
Global
	GlobalSection(SolutionConfigurationPlatforms) = preSolution
		Debug|Any CPU = Debug|Any CPU
		Release|Any CPU = Release|Any CPU
	EndGlobalSection
	GlobalSection(ProjectConfigurationPlatforms) = postSolution
		{A87A400B-0CD3-4A71-8F73-0DB0FD9DFAEA}.Debug|Any CPU.ActiveCfg = Debug|Any CPU
		{A87A400B-0CD3-4A71-8F73-0DB0FD9DFAEA}.Debug|Any CPU.Build.0 = Debug|Any CPU
		{A87A400B-0CD3-4A71-8F73-0DB0FD9DFAEA}.Release|Any CPU.ActiveCfg = Release|Any CPU
		{A87A400B-0CD3-4A71-8F73-0DB0FD9DFAEA}.Release|Any CPU.Build.0 = Release|Any CPU
		{06439AA1-A3CD-450D-8AF8-FD00EFB09564}.Debug|Any CPU.ActiveCfg = Debug|Any CPU
		{06439AA1-A3CD-450D-8AF8-FD00EFB09564}.Debug|Any CPU.Build.0 = Debug|Any CPU
		{06439AA1-A3CD-450D-8AF8-FD00EFB09564}.Release|Any CPU.ActiveCfg = Release|Any CPU
		{06439AA1-A3CD-450D-8AF8-FD00EFB09564}.Release|Any CPU.Build.0 = Release|Any CPU
		{35C07277-0B8A-4B0F-97B4-47DBBADA1A95}.Debug|Any CPU.ActiveCfg = Debug|Any CPU
		{35C07277-0B8A-4B0F-97B4-47DBBADA1A95}.Debug|Any CPU.Build.0 = Debug|Any CPU
		{35C07277-0B8A-4B0F-97B4-47DBBADA1A95}.Release|Any CPU.ActiveCfg = Release|Any CPU
		{35C07277-0B8A-4B0F-97B4-47DBBADA1A95}.Release|Any CPU.Build.0 = Release|Any CPU
		{37AB50F2-C21C-4320-AF5D-464291AF8A99}.Debug|Any CPU.ActiveCfg = Debug|Any CPU
		{37AB50F2-C21C-4320-AF5D-464291AF8A99}.Debug|Any CPU.Build.0 = Debug|Any CPU
		{37AB50F2-C21C-4320-AF5D-464291AF8A99}.Release|Any CPU.ActiveCfg = Release|Any CPU
		{37AB50F2-C21C-4320-AF5D-464291AF8A99}.Release|Any CPU.Build.0 = Release|Any CPU
	EndGlobalSection
	GlobalSection(SolutionProperties) = preSolution
		HideSolutionNode = FALSE
	EndGlobalSection
	GlobalSection(ExtensibilityGlobals) = postSolution
		SolutionGuid = {269B428D-92E3-4966-A0C2-697BA4B128BC}
	EndGlobalSection
EndGlobal
